{
  "name": "meals-planner",
  "version": "0.1.0",
  "lockfileVersion": 3,
  "requires": true,
  "packages": {
    "": {
      "name": "meals-planner",
      "version": "0.1.0",
      "dependencies": {
        "@testing-library/jest-dom": "^5.17.0",
        "@testing-library/react": "^13.4.0",
        "@testing-library/user-event": "^13.5.0",
        "@types/jest": "^27.5.2",
        "@types/node": "^16.18.46",
        "@types/react": "^18.2.21",
        "@types/react-dom": "^18.2.7",
        "firebase": "^10.3.1",
        "react": "^18.2.0",
        "react-dom": "^18.2.0",
        "react-router-dom": "^6.16.0",
        "react-scripts": "5.0.1",
        "sass": "^1.66.1",
        "typescript": "^4.9.5",
        "web-vitals": "^2.1.4"
      }
    },
    "node_modules/@aashutoshrathi/word-wrap": {
      "version": "1.2.6",
      "resolved": "https://registry.npmjs.org/@aashutoshrathi/word-wrap/-/word-wrap-1.2.6.tgz",
      "integrity": "sha512-1Yjs2SvM8TflER/OD3cOjhWWOZb58A2t7wpE2S9XfBYTiIl+XFhQG2bjy4Pu1I+EAlCNUzRDYDdFwFYUKvXcIA==",
      "engines": {
        "node": ">=0.10.0"
      }
    },
    "node_modules/@adobe/css-tools": {
      "version": "4.3.1",
      "resolved": "https://registry.npmjs.org/@adobe/css-tools/-/css-tools-4.3.1.tgz",
      "integrity": "sha512-/62yikz7NLScCGAAST5SHdnjaDJQBDq0M2muyRTpf2VQhw6StBg2ALiu73zSJQ4fMVLA+0uBhBHAle7Wg+2kSg=="
    },
    "node_modules/@alloc/quick-lru": {
      "version": "5.2.0",
      "resolved": "https://registry.npmjs.org/@alloc/quick-lru/-/quick-lru-5.2.0.tgz",
      "integrity": "sha512-UrcABB+4bUrFABwbluTIBErXwvbsU/V7TZWfmbgJfbkwiBuziS9gxdODUyuiecfdGQ85jglMW6juS3+z5TsKLw==",
      "engines": {
        "node": ">=10"
      },
      "funding": {
        "url": "https://github.com/sponsors/sindresorhus"
      }
    },
    "node_modules/@ampproject/remapping": {
      "version": "2.2.1",
      "resolved": "https://registry.npmjs.org/@ampproject/remapping/-/remapping-2.2.1.tgz",
      "integrity": "sha512-lFMjJTrFL3j7L9yBxwYfCq2k6qqwHyzuUl/XBnif78PWTJYyL/dfowQHWE3sp6U6ZzqWiiIZnpTMO96zhkjwtg==",
      "dependencies": {
        "@jridgewell/gen-mapping": "^0.3.0",
        "@jridgewell/trace-mapping": "^0.3.9"
      },
      "engines": {
        "node": ">=6.0.0"
      }
    },
    "node_modules/@babel/code-frame": {
      "version": "7.22.13",
      "resolved": "https://registry.npmjs.org/@babel/code-frame/-/code-frame-7.22.13.tgz",
      "integrity": "sha512-XktuhWlJ5g+3TJXc5upd9Ks1HutSArik6jf2eAjYFyIOf4ej3RN+184cZbzDvbPnuTJIUhPKKJE3cIsYTiAT3w==",
      "dependencies": {
        "@babel/highlight": "^7.22.13",
        "chalk": "^2.4.2"
      },
      "engines": {
        "node": ">=6.9.0"
      }
    },
    "node_modules/@babel/compat-data": {
      "version": "7.22.9",
      "resolved": "https://registry.npmjs.org/@babel/compat-data/-/compat-data-7.22.9.tgz",
      "integrity": "sha512-5UamI7xkUcJ3i9qVDS+KFDEK8/7oJ55/sJMB1Ge7IEapr7KfdfV/HErR+koZwOfd+SgtFKOKRhRakdg++DcJpQ==",
      "engines": {
        "node": ">=6.9.0"
      }
    },
    "node_modules/@babel/core": {
      "version": "7.22.11",
      "resolved": "https://registry.npmjs.org/@babel/core/-/core-7.22.11.tgz",
      "integrity": "sha512-lh7RJrtPdhibbxndr6/xx0w8+CVlY5FJZiaSz908Fpy+G0xkBFTvwLcKJFF4PJxVfGhVWNebikpWGnOoC71juQ==",
      "dependencies": {
        "@ampproject/remapping": "^2.2.0",
        "@babel/code-frame": "^7.22.10",
        "@babel/generator": "^7.22.10",
        "@babel/helper-compilation-targets": "^7.22.10",
        "@babel/helper-module-transforms": "^7.22.9",
        "@babel/helpers": "^7.22.11",
        "@babel/parser": "^7.22.11",
        "@babel/template": "^7.22.5",
        "@babel/traverse": "^7.22.11",
        "@babel/types": "^7.22.11",
        "convert-source-map": "^1.7.0",
        "debug": "^4.1.0",
        "gensync": "^1.0.0-beta.2",
        "json5": "^2.2.3",
        "semver": "^6.3.1"
      },
      "engines": {
        "node": ">=6.9.0"
      },
      "funding": {
        "type": "opencollective",
        "url": "https://opencollective.com/babel"
      }
    },
    "node_modules/@babel/core/node_modules/semver": {
      "version": "6.3.1",
      "resolved": "https://registry.npmjs.org/semver/-/semver-6.3.1.tgz",
      "integrity": "sha512-BR7VvDCVHO+q2xBEWskxS6DJE1qRnb7DxzUrogb71CWoSficBxYsiAGd+Kl0mmq/MprG9yArRkyrQxTO6XjMzA==",
      "bin": {
        "semver": "bin/semver.js"
      }
    },
    "node_modules/@babel/eslint-parser": {
      "version": "7.22.11",
      "resolved": "https://registry.npmjs.org/@babel/eslint-parser/-/eslint-parser-7.22.11.tgz",
      "integrity": "sha512-YjOYZ3j7TjV8OhLW6NCtyg8G04uStATEUe5eiLuCZaXz2VSDQ3dsAtm2D+TuQyAqNMUK2WacGo0/uma9Pein1w==",
      "dependencies": {
        "@nicolo-ribaudo/eslint-scope-5-internals": "5.1.1-v1",
        "eslint-visitor-keys": "^2.1.0",
        "semver": "^6.3.1"
      },
      "engines": {
        "node": "^10.13.0 || ^12.13.0 || >=14.0.0"
      },
      "peerDependencies": {
        "@babel/core": "^7.11.0",
        "eslint": "^7.5.0 || ^8.0.0"
      }
    },
    "node_modules/@babel/eslint-parser/node_modules/eslint-visitor-keys": {
      "version": "2.1.0",
      "resolved": "https://registry.npmjs.org/eslint-visitor-keys/-/eslint-visitor-keys-2.1.0.tgz",
      "integrity": "sha512-0rSmRBzXgDzIsD6mGdJgevzgezI534Cer5L/vyMX0kHzT/jiB43jRhd9YUlMGYLQy2zprNmoT8qasCGtY+QaKw==",
      "engines": {
        "node": ">=10"
      }
    },
    "node_modules/@babel/eslint-parser/node_modules/semver": {
      "version": "6.3.1",
      "resolved": "https://registry.npmjs.org/semver/-/semver-6.3.1.tgz",
      "integrity": "sha512-BR7VvDCVHO+q2xBEWskxS6DJE1qRnb7DxzUrogb71CWoSficBxYsiAGd+Kl0mmq/MprG9yArRkyrQxTO6XjMzA==",
      "bin": {
        "semver": "bin/semver.js"
      }
    },
    "node_modules/@babel/generator": {
      "version": "7.22.10",
      "resolved": "https://registry.npmjs.org/@babel/generator/-/generator-7.22.10.tgz",
      "integrity": "sha512-79KIf7YiWjjdZ81JnLujDRApWtl7BxTqWD88+FFdQEIOG8LJ0etDOM7CXuIgGJa55sGOwZVwuEsaLEm0PJ5/+A==",
      "dependencies": {
        "@babel/types": "^7.22.10",
        "@jridgewell/gen-mapping": "^0.3.2",
        "@jridgewell/trace-mapping": "^0.3.17",
        "jsesc": "^2.5.1"
      },
      "engines": {
        "node": ">=6.9.0"
      }
    },
    "node_modules/@babel/helper-annotate-as-pure": {
      "version": "7.22.5",
      "resolved": "https://registry.npmjs.org/@babel/helper-annotate-as-pure/-/helper-annotate-as-pure-7.22.5.tgz",
      "integrity": "sha512-LvBTxu8bQSQkcyKOU+a1btnNFQ1dMAd0R6PyW3arXes06F6QLWLIrd681bxRPIXlrMGR3XYnW9JyML7dP3qgxg==",
      "dependencies": {
        "@babel/types": "^7.22.5"
      },
      "engines": {
        "node": ">=6.9.0"
      }
    },
    "node_modules/@babel/helper-builder-binary-assignment-operator-visitor": {
      "version": "7.22.10",
      "resolved": "https://registry.npmjs.org/@babel/helper-builder-binary-assignment-operator-visitor/-/helper-builder-binary-assignment-operator-visitor-7.22.10.tgz",
      "integrity": "sha512-Av0qubwDQxC56DoUReVDeLfMEjYYSN1nZrTUrWkXd7hpU73ymRANkbuDm3yni9npkn+RXy9nNbEJZEzXr7xrfQ==",
      "dependencies": {
        "@babel/types": "^7.22.10"
      },
      "engines": {
        "node": ">=6.9.0"
      }
    },
    "node_modules/@babel/helper-compilation-targets": {
      "version": "7.22.10",
      "resolved": "https://registry.npmjs.org/@babel/helper-compilation-targets/-/helper-compilation-targets-7.22.10.tgz",
      "integrity": "sha512-JMSwHD4J7SLod0idLq5PKgI+6g/hLD/iuWBq08ZX49xE14VpVEojJ5rHWptpirV2j020MvypRLAXAO50igCJ5Q==",
      "dependencies": {
        "@babel/compat-data": "^7.22.9",
        "@babel/helper-validator-option": "^7.22.5",
        "browserslist": "^4.21.9",
        "lru-cache": "^5.1.1",
        "semver": "^6.3.1"
      },
      "engines": {
        "node": ">=6.9.0"
      }
    },
    "node_modules/@babel/helper-compilation-targets/node_modules/semver": {
      "version": "6.3.1",
      "resolved": "https://registry.npmjs.org/semver/-/semver-6.3.1.tgz",
      "integrity": "sha512-BR7VvDCVHO+q2xBEWskxS6DJE1qRnb7DxzUrogb71CWoSficBxYsiAGd+Kl0mmq/MprG9yArRkyrQxTO6XjMzA==",
      "bin": {
        "semver": "bin/semver.js"
      }
    },
    "node_modules/@babel/helper-create-class-features-plugin": {
      "version": "7.22.11",
      "resolved": "https://registry.npmjs.org/@babel/helper-create-class-features-plugin/-/helper-create-class-features-plugin-7.22.11.tgz",
      "integrity": "sha512-y1grdYL4WzmUDBRGK0pDbIoFd7UZKoDurDzWEoNMYoj1EL+foGRQNyPWDcC+YyegN5y1DUsFFmzjGijB3nSVAQ==",
      "dependencies": {
        "@babel/helper-annotate-as-pure": "^7.22.5",
        "@babel/helper-environment-visitor": "^7.22.5",
        "@babel/helper-function-name": "^7.22.5",
        "@babel/helper-member-expression-to-functions": "^7.22.5",
        "@babel/helper-optimise-call-expression": "^7.22.5",
        "@babel/helper-replace-supers": "^7.22.9",
        "@babel/helper-skip-transparent-expression-wrappers": "^7.22.5",
        "@babel/helper-split-export-declaration": "^7.22.6",
        "semver": "^6.3.1"
      },
      "engines": {
        "node": ">=6.9.0"
      },
      "peerDependencies": {
        "@babel/core": "^7.0.0"
      }
    },
    "node_modules/@babel/helper-create-class-features-plugin/node_modules/semver": {
      "version": "6.3.1",
      "resolved": "https://registry.npmjs.org/semver/-/semver-6.3.1.tgz",
      "integrity": "sha512-BR7VvDCVHO+q2xBEWskxS6DJE1qRnb7DxzUrogb71CWoSficBxYsiAGd+Kl0mmq/MprG9yArRkyrQxTO6XjMzA==",
      "bin": {
        "semver": "bin/semver.js"
      }
    },
    "node_modules/@babel/helper-create-regexp-features-plugin": {
      "version": "7.22.9",
      "resolved": "https://registry.npmjs.org/@babel/helper-create-regexp-features-plugin/-/helper-create-regexp-features-plugin-7.22.9.tgz",
      "integrity": "sha512-+svjVa/tFwsNSG4NEy1h85+HQ5imbT92Q5/bgtS7P0GTQlP8WuFdqsiABmQouhiFGyV66oGxZFpeYHza1rNsKw==",
      "dependencies": {
        "@babel/helper-annotate-as-pure": "^7.22.5",
        "regexpu-core": "^5.3.1",
        "semver": "^6.3.1"
      },
      "engines": {
        "node": ">=6.9.0"
      },
      "peerDependencies": {
        "@babel/core": "^7.0.0"
      }
    },
    "node_modules/@babel/helper-create-regexp-features-plugin/node_modules/semver": {
      "version": "6.3.1",
      "resolved": "https://registry.npmjs.org/semver/-/semver-6.3.1.tgz",
      "integrity": "sha512-BR7VvDCVHO+q2xBEWskxS6DJE1qRnb7DxzUrogb71CWoSficBxYsiAGd+Kl0mmq/MprG9yArRkyrQxTO6XjMzA==",
      "bin": {
        "semver": "bin/semver.js"
      }
    },
    "node_modules/@babel/helper-define-polyfill-provider": {
      "version": "0.4.2",
      "resolved": "https://registry.npmjs.org/@babel/helper-define-polyfill-provider/-/helper-define-polyfill-provider-0.4.2.tgz",
      "integrity": "sha512-k0qnnOqHn5dK9pZpfD5XXZ9SojAITdCKRn2Lp6rnDGzIbaP0rHyMPk/4wsSxVBVz4RfN0q6VpXWP2pDGIoQ7hw==",
      "dependencies": {
        "@babel/helper-compilation-targets": "^7.22.6",
        "@babel/helper-plugin-utils": "^7.22.5",
        "debug": "^4.1.1",
        "lodash.debounce": "^4.0.8",
        "resolve": "^1.14.2"
      },
      "peerDependencies": {
        "@babel/core": "^7.4.0 || ^8.0.0-0 <8.0.0"
      }
    },
    "node_modules/@babel/helper-environment-visitor": {
      "version": "7.22.5",
      "resolved": "https://registry.npmjs.org/@babel/helper-environment-visitor/-/helper-environment-visitor-7.22.5.tgz",
      "integrity": "sha512-XGmhECfVA/5sAt+H+xpSg0mfrHq6FzNr9Oxh7PSEBBRUb/mL7Kz3NICXb194rCqAEdxkhPT1a88teizAFyvk8Q==",
      "engines": {
        "node": ">=6.9.0"
      }
    },
    "node_modules/@babel/helper-function-name": {
      "version": "7.22.5",
      "resolved": "https://registry.npmjs.org/@babel/helper-function-name/-/helper-function-name-7.22.5.tgz",
      "integrity": "sha512-wtHSq6jMRE3uF2otvfuD3DIvVhOsSNshQl0Qrd7qC9oQJzHvOL4qQXlQn2916+CXGywIjpGuIkoyZRRxHPiNQQ==",
      "dependencies": {
        "@babel/template": "^7.22.5",
        "@babel/types": "^7.22.5"
      },
      "engines": {
        "node": ">=6.9.0"
      }
    },
    "node_modules/@babel/helper-hoist-variables": {
      "version": "7.22.5",
      "resolved": "https://registry.npmjs.org/@babel/helper-hoist-variables/-/helper-hoist-variables-7.22.5.tgz",
      "integrity": "sha512-wGjk9QZVzvknA6yKIUURb8zY3grXCcOZt+/7Wcy8O2uctxhplmUPkOdlgoNhmdVee2c92JXbf1xpMtVNbfoxRw==",
      "dependencies": {
        "@babel/types": "^7.22.5"
      },
      "engines": {
        "node": ">=6.9.0"
      }
    },
    "node_modules/@babel/helper-member-expression-to-functions": {
      "version": "7.22.5",
      "resolved": "https://registry.npmjs.org/@babel/helper-member-expression-to-functions/-/helper-member-expression-to-functions-7.22.5.tgz",
      "integrity": "sha512-aBiH1NKMG0H2cGZqspNvsaBe6wNGjbJjuLy29aU+eDZjSbbN53BaxlpB02xm9v34pLTZ1nIQPFYn2qMZoa5BQQ==",
      "dependencies": {
        "@babel/types": "^7.22.5"
      },
      "engines": {
        "node": ">=6.9.0"
      }
    },
    "node_modules/@babel/helper-module-imports": {
      "version": "7.22.5",
      "resolved": "https://registry.npmjs.org/@babel/helper-module-imports/-/helper-module-imports-7.22.5.tgz",
      "integrity": "sha512-8Dl6+HD/cKifutF5qGd/8ZJi84QeAKh+CEe1sBzz8UayBBGg1dAIJrdHOcOM5b2MpzWL2yuotJTtGjETq0qjXg==",
      "dependencies": {
        "@babel/types": "^7.22.5"
      },
      "engines": {
        "node": ">=6.9.0"
      }
    },
    "node_modules/@babel/helper-module-transforms": {
      "version": "7.22.9",
      "resolved": "https://registry.npmjs.org/@babel/helper-module-transforms/-/helper-module-transforms-7.22.9.tgz",
      "integrity": "sha512-t+WA2Xn5K+rTeGtC8jCsdAH52bjggG5TKRuRrAGNM/mjIbO4GxvlLMFOEz9wXY5I2XQ60PMFsAG2WIcG82dQMQ==",
      "dependencies": {
        "@babel/helper-environment-visitor": "^7.22.5",
        "@babel/helper-module-imports": "^7.22.5",
        "@babel/helper-simple-access": "^7.22.5",
        "@babel/helper-split-export-declaration": "^7.22.6",
        "@babel/helper-validator-identifier": "^7.22.5"
      },
      "engines": {
        "node": ">=6.9.0"
      },
      "peerDependencies": {
        "@babel/core": "^7.0.0"
      }
    },
    "node_modules/@babel/helper-optimise-call-expression": {
      "version": "7.22.5",
      "resolved": "https://registry.npmjs.org/@babel/helper-optimise-call-expression/-/helper-optimise-call-expression-7.22.5.tgz",
      "integrity": "sha512-HBwaojN0xFRx4yIvpwGqxiV2tUfl7401jlok564NgB9EHS1y6QT17FmKWm4ztqjeVdXLuC4fSvHc5ePpQjoTbw==",
      "dependencies": {
        "@babel/types": "^7.22.5"
      },
      "engines": {
        "node": ">=6.9.0"
      }
    },
    "node_modules/@babel/helper-plugin-utils": {
      "version": "7.22.5",
      "resolved": "https://registry.npmjs.org/@babel/helper-plugin-utils/-/helper-plugin-utils-7.22.5.tgz",
      "integrity": "sha512-uLls06UVKgFG9QD4OeFYLEGteMIAa5kpTPcFL28yuCIIzsf6ZyKZMllKVOCZFhiZ5ptnwX4mtKdWCBE/uT4amg==",
      "engines": {
        "node": ">=6.9.0"
      }
    },
    "node_modules/@babel/helper-remap-async-to-generator": {
      "version": "7.22.9",
      "resolved": "https://registry.npmjs.org/@babel/helper-remap-async-to-generator/-/helper-remap-async-to-generator-7.22.9.tgz",
      "integrity": "sha512-8WWC4oR4Px+tr+Fp0X3RHDVfINGpF3ad1HIbrc8A77epiR6eMMc6jsgozkzT2uDiOOdoS9cLIQ+XD2XvI2WSmQ==",
      "dependencies": {
        "@babel/helper-annotate-as-pure": "^7.22.5",
        "@babel/helper-environment-visitor": "^7.22.5",
        "@babel/helper-wrap-function": "^7.22.9"
      },
      "engines": {
        "node": ">=6.9.0"
      },
      "peerDependencies": {
        "@babel/core": "^7.0.0"
      }
    },
    "node_modules/@babel/helper-replace-supers": {
      "version": "7.22.9",
      "resolved": "https://registry.npmjs.org/@babel/helper-replace-supers/-/helper-replace-supers-7.22.9.tgz",
      "integrity": "sha512-LJIKvvpgPOPUThdYqcX6IXRuIcTkcAub0IaDRGCZH0p5GPUp7PhRU9QVgFcDDd51BaPkk77ZjqFwh6DZTAEmGg==",
      "dependencies": {
        "@babel/helper-environment-visitor": "^7.22.5",
        "@babel/helper-member-expression-to-functions": "^7.22.5",
        "@babel/helper-optimise-call-expression": "^7.22.5"
      },
      "engines": {
        "node": ">=6.9.0"
      },
      "peerDependencies": {
        "@babel/core": "^7.0.0"
      }
    },
    "node_modules